// !$*UTF8*$!
{
	archiveVersion = 1;
	classes = {
	};
	objectVersion = 50;
	objects = {

/* Begin PBXBuildFile section */
		C5067D2F25C7CB2E00606ACE /* AppDelegate.swift in Sources */ = {isa = PBXBuildFile; fileRef = C5067D2E25C7CB2E00606ACE /* AppDelegate.swift */; };
		C5067D3125C7CB2E00606ACE /* SceneDelegate.swift in Sources */ = {isa = PBXBuildFile; fileRef = C5067D3025C7CB2E00606ACE /* SceneDelegate.swift */; };
		C5067D3325C7CB2E00606ACE /* TableViewController.swift in Sources */ = {isa = PBXBuildFile; fileRef = C5067D3225C7CB2E00606ACE /* TableViewController.swift */; };
		C5067D3625C7CB2E00606ACE /* Main.storyboard in Resources */ = {isa = PBXBuildFile; fileRef = C5067D3425C7CB2E00606ACE /* Main.storyboard */; };
		C5067D3825C7CB3000606ACE /* Assets.xcassets in Resources */ = {isa = PBXBuildFile; fileRef = C5067D3725C7CB3000606ACE /* Assets.xcassets */; };
		C5067D3B25C7CB3100606ACE /* LaunchScreen.storyboard in Resources */ = {isa = PBXBuildFile; fileRef = C5067D3925C7CB3000606ACE /* LaunchScreen.storyboard */; };
		C5067D4625C7CB3100606ACE /* TodoListTests.swift in Sources */ = {isa = PBXBuildFile; fileRef = C5067D4525C7CB3100606ACE /* TodoListTests.swift */; };
		C5067D5125C7CB3100606ACE /* TodoListUITests.swift in Sources */ = {isa = PBXBuildFile; fileRef = C5067D5025C7CB3100606ACE /* TodoListUITests.swift */; };
		C5067D7725CBCC5E00606ACE /* DatModel.xcdatamodeld in Sources */ = {isa = PBXBuildFile; fileRef = C5067D7525CBCC5D00606ACE /* DatModel.xcdatamodeld */; };
		C5067DA325D2369B00606ACE /* CategoryViewController.swift in Sources */ = {isa = PBXBuildFile; fileRef = C5067DA225D2369B00606ACE /* CategoryViewController.swift */; };
/* End PBXBuildFile section */

/* Begin PBXContainerItemProxy section */
		C5067D4225C7CB3100606ACE /* PBXContainerItemProxy */ = {
			isa = PBXContainerItemProxy;
			containerPortal = C5067D2325C7CB2E00606ACE /* Project object */;
			proxyType = 1;
			remoteGlobalIDString = C5067D2A25C7CB2E00606ACE;
			remoteInfo = TodoList;
		};
		C5067D4D25C7CB3100606ACE /* PBXContainerItemProxy */ = {
			isa = PBXContainerItemProxy;
			containerPortal = C5067D2325C7CB2E00606ACE /* Project object */;
			proxyType = 1;
			remoteGlobalIDString = C5067D2A25C7CB2E00606ACE;
			remoteInfo = TodoList;
		};
/* End PBXContainerItemProxy section */

/* Begin PBXFileReference section */
		C5067D2B25C7CB2E00606ACE /* TodoList.app */ = {isa = PBXFileReference; explicitFileType = wrapper.application; includeInIndex = 0; path = TodoList.app; sourceTree = BUILT_PRODUCTS_DIR; };
		C5067D2E25C7CB2E00606ACE /* AppDelegate.swift */ = {isa = PBXFileReference; lastKnownFileType = sourcecode.swift; path = AppDelegate.swift; sourceTree = "<group>"; };
		C5067D3025C7CB2E00606ACE /* SceneDelegate.swift */ = {isa = PBXFileReference; lastKnownFileType = sourcecode.swift; path = SceneDelegate.swift; sourceTree = "<group>"; };
		C5067D3225C7CB2E00606ACE /* TableViewController.swift */ = {isa = PBXFileReference; lastKnownFileType = sourcecode.swift; path = TableViewController.swift; sourceTree = "<group>"; };
		C5067D3525C7CB2E00606ACE /* Base */ = {isa = PBXFileReference; lastKnownFileType = file.storyboard; name = Base; path = Base.lproj/Main.storyboard; sourceTree = "<group>"; };
		C5067D3725C7CB3000606ACE /* Assets.xcassets */ = {isa = PBXFileReference; lastKnownFileType = folder.assetcatalog; path = Assets.xcassets; sourceTree = "<group>"; };
		C5067D3A25C7CB3000606ACE /* Base */ = {isa = PBXFileReference; lastKnownFileType = file.storyboard; name = Base; path = Base.lproj/LaunchScreen.storyboard; sourceTree = "<group>"; };
		C5067D3C25C7CB3100606ACE /* Info.plist */ = {isa = PBXFileReference; lastKnownFileType = text.plist.xml; path = Info.plist; sourceTree = "<group>"; };
		C5067D4125C7CB3100606ACE /* TodoListTests.xctest */ = {isa = PBXFileReference; explicitFileType = wrapper.cfbundle; includeInIndex = 0; path = TodoListTests.xctest; sourceTree = BUILT_PRODUCTS_DIR; };
		C5067D4525C7CB3100606ACE /* TodoListTests.swift */ = {isa = PBXFileReference; lastKnownFileType = sourcecode.swift; path = TodoListTests.swift; sourceTree = "<group>"; };
		C5067D4725C7CB3100606ACE /* Info.plist */ = {isa = PBXFileReference; lastKnownFileType = text.plist.xml; path = Info.plist; sourceTree = "<group>"; };
		C5067D4C25C7CB3100606ACE /* TodoListUITests.xctest */ = {isa = PBXFileReference; explicitFileType = wrapper.cfbundle; includeInIndex = 0; path = TodoListUITests.xctest; sourceTree = BUILT_PRODUCTS_DIR; };
		C5067D5025C7CB3100606ACE /* TodoListUITests.swift */ = {isa = PBXFileReference; lastKnownFileType = sourcecode.swift; path = TodoListUITests.swift; sourceTree = "<group>"; };
		C5067D5225C7CB3100606ACE /* Info.plist */ = {isa = PBXFileReference; lastKnownFileType = text.plist.xml; path = Info.plist; sourceTree = "<group>"; };
		C5067D7625CBCC5D00606ACE /* DatModel.xcdatamodel */ = {isa = PBXFileReference; lastKnownFileType = wrapper.xcdatamodel; path = DatModel.xcdatamodel; sourceTree = "<group>"; };
		C5067DA225D2369B00606ACE /* CategoryViewController.swift */ = {isa = PBXFileReference; lastKnownFileType = sourcecode.swift; path = CategoryViewController.swift; sourceTree = "<group>"; };
/* End PBXFileReference section */

/* Begin PBXFrameworksBuildPhase section */
		C5067D2825C7CB2E00606ACE /* Frameworks */ = {
			isa = PBXFrameworksBuildPhase;
			buildActionMask = 2147483647;
			files = (
			);
			runOnlyForDeploymentPostprocessing = 0;
		};
		C5067D3E25C7CB3100606ACE /* Frameworks */ = {
			isa = PBXFrameworksBuildPhase;
			buildActionMask = 2147483647;
			files = (
			);
			runOnlyForDeploymentPostprocessing = 0;
		};
		C5067D4925C7CB3100606ACE /* Frameworks */ = {
			isa = PBXFrameworksBuildPhase;
			buildActionMask = 2147483647;
			files = (
			);
			runOnlyForDeploymentPostprocessing = 0;
		};
/* End PBXFrameworksBuildPhase section */

/* Begin PBXGroup section */
		C5067D2225C7CB2E00606ACE = {
			isa = PBXGroup;
			children = (
				C5067D2D25C7CB2E00606ACE /* TodoList */,
				C5067D4425C7CB3100606ACE /* TodoListTests */,
				C5067D4F25C7CB3100606ACE /* TodoListUITests */,
				C5067D2C25C7CB2E00606ACE /* Products */,
			);
			sourceTree = "<group>";
		};
		C5067D2C25C7CB2E00606ACE /* Products */ = {
			isa = PBXGroup;
			children = (
				C5067D2B25C7CB2E00606ACE /* TodoList.app */,
				C5067D4125C7CB3100606ACE /* TodoListTests.xctest */,
				C5067D4C25C7CB3100606ACE /* TodoListUITests.xctest */,
			);
			name = Products;
			sourceTree = "<group>";
		};
		C5067D2D25C7CB2E00606ACE /* TodoList */ = {
			isa = PBXGroup;
			children = (
				C5067D2E25C7CB2E00606ACE /* AppDelegate.swift */,
				C5067D3025C7CB2E00606ACE /* SceneDelegate.swift */,
				C5067D6E25C90DA600606ACE /* Data Model */,
				C5067D6525C90D8C00606ACE /* Controller */,
				C5067D6425C90D8100606ACE /* View */,
				C5067D3725C7CB3000606ACE /* Assets.xcassets */,
				C5067D3925C7CB3000606ACE /* LaunchScreen.storyboard */,
				C5067D3C25C7CB3100606ACE /* Info.plist */,
			);
			path = TodoList;
			sourceTree = "<group>";
		};
		C5067D4425C7CB3100606ACE /* TodoListTests */ = {
			isa = PBXGroup;
			children = (
				C5067D4525C7CB3100606ACE /* TodoListTests.swift */,
				C5067D4725C7CB3100606ACE /* Info.plist */,
			);
			path = TodoListTests;
			sourceTree = "<group>";
		};
		C5067D4F25C7CB3100606ACE /* TodoListUITests */ = {
			isa = PBXGroup;
			children = (
				C5067D5025C7CB3100606ACE /* TodoListUITests.swift */,
				C5067D5225C7CB3100606ACE /* Info.plist */,
			);
			path = TodoListUITests;
			sourceTree = "<group>";
		};
		C5067D6425C90D8100606ACE /* View */ = {
			isa = PBXGroup;
			children = (
				C5067D3425C7CB2E00606ACE /* Main.storyboard */,
			);
			path = View;
			sourceTree = "<group>";
		};
		C5067D6525C90D8C00606ACE /* Controller */ = {
			isa = PBXGroup;
			children = (
				C5067D3225C7CB2E00606ACE /* TableViewController.swift */,
				C5067DA225D2369B00606ACE /* CategoryViewController.swift */,
			);
			path = Controller;
			sourceTree = "<group>";
		};
		C5067D6E25C90DA600606ACE /* Data Model */ = {
			isa = PBXGroup;
			children = (
				C5067D7525CBCC5D00606ACE /* DatModel.xcdatamodeld */,
			);
			path = "Data Model";
			sourceTree = "<group>";
		};
/* End PBXGroup section */

/* Begin PBXNativeTarget section */
		C5067D2A25C7CB2E00606ACE /* TodoList */ = {
			isa = PBXNativeTarget;
			buildConfigurationList = C5067D5525C7CB3100606ACE /* Build configuration list for PBXNativeTarget "TodoList" */;
			buildPhases = (
				C5067D2725C7CB2E00606ACE /* Sources */,
				C5067D2825C7CB2E00606ACE /* Frameworks */,
				C5067D2925C7CB2E00606ACE /* Resources */,
			);
			buildRules = (
			);
			dependencies = (
			);
			name = TodoList;
			productName = TodoList;
			productReference = C5067D2B25C7CB2E00606ACE /* TodoList.app */;
			productType = "com.apple.product-type.application";
		};
		C5067D4025C7CB3100606ACE /* TodoListTests */ = {
			isa = PBXNativeTarget;
			buildConfigurationList = C5067D5825C7CB3100606ACE /* Build configuration list for PBXNativeTarget "TodoListTests" */;
			buildPhases = (
				C5067D3D25C7CB3100606ACE /* Sources */,
				C5067D3E25C7CB3100606ACE /* Frameworks */,
				C5067D3F25C7CB3100606ACE /* Resources */,
			);
			buildRules = (
			);
			dependencies = (
				C5067D4325C7CB3100606ACE /* PBXTargetDependency */,
			);
			name = TodoListTests;
			productName = TodoListTests;
			productReference = C5067D4125C7CB3100606ACE /* TodoListTests.xctest */;
			productType = "com.apple.product-type.bundle.unit-test";
		};
		C5067D4B25C7CB3100606ACE /* TodoListUITests */ = {
			isa = PBXNativeTarget;
			buildConfigurationList = C5067D5B25C7CB3100606ACE /* Build configuration list for PBXNativeTarget "TodoListUITests" */;
			buildPhases = (
				C5067D4825C7CB3100606ACE /* Sources */,
				C5067D4925C7CB3100606ACE /* Frameworks */,
				C5067D4A25C7CB3100606ACE /* Resources */,
			);
			buildRules = (
			);
			dependencies = (
				C5067D4E25C7CB3100606ACE /* PBXTargetDependency */,
			);
			name = TodoListUITests;
			productName = TodoListUITests;
			productReference = C5067D4C25C7CB3100606ACE /* TodoListUITests.xctest */;
			productType = "com.apple.product-type.bundle.ui-testing";
		};
/* End PBXNativeTarget section */

/* Begin PBXProject section */
		C5067D2325C7CB2E00606ACE /* Project object */ = {
			isa = PBXProject;
			attributes = {
				LastSwiftUpdateCheck = 1240;
				LastUpgradeCheck = 1240;
				TargetAttributes = {
					C5067D2A25C7CB2E00606ACE = {
						CreatedOnToolsVersion = 12.4;
					};
					C5067D4025C7CB3100606ACE = {
						CreatedOnToolsVersion = 12.4;
						TestTargetID = C5067D2A25C7CB2E00606ACE;
					};
					C5067D4B25C7CB3100606ACE = {
						CreatedOnToolsVersion = 12.4;
						TestTargetID = C5067D2A25C7CB2E00606ACE;
					};
				};
			};
			buildConfigurationList = C5067D2625C7CB2E00606ACE /* Build configuration list for PBXProject "TodoList" */;
			compatibilityVersion = "Xcode 9.3";
			developmentRegion = en;
			hasScannedForEncodings = 0;
			knownRegions = (
				en,
				Base,
			);
			mainGroup = C5067D2225C7CB2E00606ACE;
			productRefGroup = C5067D2C25C7CB2E00606ACE /* Products */;
			projectDirPath = "";
			projectRoot = "";
			targets = (
				C5067D2A25C7CB2E00606ACE /* TodoList */,
				C5067D4025C7CB3100606ACE /* TodoListTests */,
				C5067D4B25C7CB3100606ACE /* TodoListUITests */,
			);
		};
/* End PBXProject section */

/* Begin PBXResourcesBuildPhase section */
		C5067D2925C7CB2E00606ACE /* Resources */ = {
			isa = PBXResourcesBuildPhase;
			buildActionMask = 2147483647;
			files = (
				C5067D3B25C7CB3100606ACE /* LaunchScreen.storyboard in Resources */,
				C5067D3825C7CB3000606ACE /* Assets.xcassets in Resources */,
				C5067D3625C7CB2E00606ACE /* Main.storyboard in Resources */,
			);
			runOnlyForDeploymentPostprocessing = 0;
		};
		C5067D3F25C7CB3100606ACE /* Resources */ = {
			isa = PBXResourcesBuildPhase;
			buildActionMask = 2147483647;
			files = (
			);
			runOnlyForDeploymentPostprocessing = 0;
		};
		C5067D4A25C7CB3100606ACE /* Resources */ = {
			isa = PBXResourcesBuildPhase;
			buildActionMask = 2147483647;
			files = (
			);
			runOnlyForDeploymentPostprocessing = 0;
		};
/* End PBXResourcesBuildPhase section */

/* Begin PBXSourcesBuildPhase section */
		C5067D2725C7CB2E00606ACE /* Sources */ = {
			isa = PBXSourcesBuildPhase;
			buildActionMask = 2147483647;
			files = (
				C5067DA325D2369B00606ACE /* CategoryViewController.swift in Sources */,
				C5067D3325C7CB2E00606ACE /* TableViewController.swift in Sources */,
				C5067D2F25C7CB2E00606ACE /* AppDelegate.swift in Sources */,
				C5067D7725CBCC5E00606ACE /* DatModel.xcdatamodeld in Sources */,
				C5067D3125C7CB2E00606ACE /* SceneDelegate.swift in Sources */,
			);
			runOnlyForDeploymentPostprocessing = 0;
		};
		C5067D3D25C7CB3100606ACE /* Sources */ = {
			isa = PBXSourcesBuildPhase;
			buildActionMask = 2147483647;
			files = (
				C5067D4625C7CB3100606ACE /* TodoListTests.swift in Sources */,
			);
			runOnlyForDeploymentPostprocessing = 0;
		};
		C5067D4825C7CB3100606ACE /* Sources */ = {
			isa = PBXSourcesBuildPhase;
			buildActionMask = 2147483647;
			files = (
				C5067D5125C7CB3100606ACE /* TodoListUITests.swift in Sources */,
			);
			runOnlyForDeploymentPostprocessing = 0;
		};
/* End PBXSourcesBuildPhase section */

/* Begin PBXTargetDependency section */
		C5067D4325C7CB3100606ACE /* PBXTargetDependency */ = {
			isa = PBXTargetDependency;
			target = C5067D2A25C7CB2E00606ACE /* TodoList */;
			targetProxy = C5067D4225C7CB3100606ACE /* PBXContainerItemProxy */;
		};
		C5067D4E25C7CB3100606ACE /* PBXTargetDependency */ = {
			isa = PBXTargetDependency;
			target = C5067D2A25C7CB2E00606ACE /* TodoList */;
			targetProxy = C5067D4D25C7CB3100606ACE /* PBXContainerItemProxy */;
		};
/* End PBXTargetDependency section */

/* Begin PBXVariantGroup section */
		C5067D3425C7CB2E00606ACE /* Main.storyboard */ = {
			isa = PBXVariantGroup;
			children = (
				C5067D3525C7CB2E00606ACE /* Base */,
			);
			name = Main.storyboard;
			sourceTree = "<group>";
		};
		C5067D3925C7CB3000606ACE /* LaunchScreen.storyboard */ = {
			isa = PBXVariantGroup;
			children = (
				C5067D3A25C7CB3000606ACE /* Base */,
			);
			name = LaunchScreen.storyboard;
			sourceTree = "<group>";
		};
/* End PBXVariantGroup section */

/* Begin XCBuildConfiguration section */
		C5067D5325C7CB3100606ACE /* Debug */ = {
			isa = XCBuildConfiguration;
			buildSettings = {
				ALWAYS_SEARCH_USER_PATHS = NO;
				CLANG_ANALYZER_NONNULL = YES;
				CLANG_ANALYZER_NUMBER_OBJECT_CONVERSION = YES_AGGRESSIVE;
				CLANG_CXX_LANGUAGE_STANDARD = "gnu++14";
				CLANG_CXX_LIBRARY = "libc++";
				CLANG_ENABLE_MODULES = YES;
				CLANG_ENABLE_OBJC_ARC = YES;
				CLANG_ENABLE_OBJC_WEAK = YES;
				CLANG_WARN_BLOCK_CAPTURE_AUTORELEASING = YES;
				CLANG_WARN_BOOL_CONVERSION = YES;
				CLANG_WARN_COMMA = YES;
				CLANG_WARN_CONSTANT_CONVERSION = YES;
				CLANG_WARN_DEPRECATED_OBJC_IMPLEMENTATIONS = YES;
				CLANG_WARN_DIRECT_OBJC_ISA_USAGE = YES_ERROR;
				CLANG_WARN_DOCUMENTATION_COMMENTS = YES;
				CLANG_WARN_EMPTY_BODY = YES;
				CLANG_WARN_ENUM_CONVERSION = YES;
				CLANG_WARN_INFINITE_RECURSION = YES;
				CLANG_WARN_INT_CONVERSION = YES;
				CLANG_WARN_NON_LITERAL_NULL_CONVERSION = YES;
				CLANG_WARN_OBJC_IMPLICIT_RETAIN_SELF = YES;
				CLANG_WARN_OBJC_LITERAL_CONVERSION = YES;
				CLANG_WARN_OBJC_ROOT_CLASS = YES_ERROR;
				CLANG_WARN_QUOTED_INCLUDE_IN_FRAMEWORK_HEADER = YES;
				CLANG_WARN_RANGE_LOOP_ANALYSIS = YES;
				CLANG_WARN_STRICT_PROTOTYPES = YES;
				CLANG_WARN_SUSPICIOUS_MOVE = YES;
				CLANG_WARN_UNGUARDED_AVAILABILITY = YES_AGGRESSIVE;
				CLANG_WARN_UNREACHABLE_CODE = YES;
				CLANG_WARN__DUPLICATE_METHOD_MATCH = YES;
				COPY_PHASE_STRIP = NO;
				DEBUG_INFORMATION_FORMAT = dwarf;
				ENABLE_STRICT_OBJC_MSGSEND = YES;
				ENABLE_TESTABILITY = YES;
				GCC_C_LANGUAGE_STANDARD = gnu11;
				GCC_DYNAMIC_NO_PIC = NO;
				GCC_NO_COMMON_BLOCKS = YES;
				GCC_OPTIMIZATION_LEVEL = 0;
				GCC_PREPROCESSOR_DEFINITIONS = (
					"DEBUG=1",
					"$(inherited)",
				);
				GCC_WARN_64_TO_32_BIT_CONVERSION = YES;
				GCC_WARN_ABOUT_RETURN_TYPE = YES_ERROR;
				GCC_WARN_UNDECLARED_SELECTOR = YES;
				GCC_WARN_UNINITIALIZED_AUTOS = YES_AGGRESSIVE;
				GCC_WARN_UNUSED_FUNCTION = YES;
				GCC_WARN_UNUSED_VARIABLE = YES;
				IPHONEOS_DEPLOYMENT_TARGET = 14.4;
				MTL_ENABLE_DEBUG_INFO = INCLUDE_SOURCE;
				MTL_FAST_MATH = YES;
				ONLY_ACTIVE_ARCH = YES;
				SDKROOT = iphoneos;
				SWIFT_ACTIVE_COMPILATION_CONDITIONS = DEBUG;
				SWIFT_OPTIMIZATION_LEVEL = "-Onone";
			};
			name = Debug;
		};
		C5067D5425C7CB3100606ACE /* Release */ = {
			isa = XCBuildConfiguration;
			buildSettings = {
				ALWAYS_SEARCH_USER_PATHS = NO;
				CLANG_ANALYZER_NONNULL = YES;
				CLANG_ANALYZER_NUMBER_OBJECT_CONVERSION = YES_AGGRESSIVE;
				CLANG_CXX_LANGUAGE_STANDARD = "gnu++14";
				CLANG_CXX_LIBRARY = "libc++";
				CLANG_ENABLE_MODULES = YES;
				CLANG_ENABLE_OBJC_ARC = YES;
				CLANG_ENABLE_OBJC_WEAK = YES;
				CLANG_WARN_BLOCK_CAPTURE_AUTORELEASING = YES;
				CLANG_WARN_BOOL_CONVERSION = YES;
				CLANG_WARN_COMMA = YES;
				CLANG_WARN_CONSTANT_CONVERSION = YES;
				CLANG_WARN_DEPRECATED_OBJC_IMPLEMENTATIONS = YES;
				CLANG_WARN_DIRECT_OBJC_ISA_USAGE = YES_ERROR;
				CLANG_WARN_DOCUMENTATION_COMMENTS = YES;
				CLANG_WARN_EMPTY_BODY = YES;
				CLANG_WARN_ENUM_CONVERSION = YES;
				CLANG_WARN_INFINITE_RECURSION = YES;
				CLANG_WARN_INT_CONVERSION = YES;
				CLANG_WARN_NON_LITERAL_NULL_CONVERSION = YES;
				CLANG_WARN_OBJC_IMPLICIT_RETAIN_SELF = YES;
				CLANG_WARN_OBJC_LITERAL_CONVERSION = YES;
				CLANG_WARN_OBJC_ROOT_CLASS = YES_ERROR;
				CLANG_WARN_QUOTED_INCLUDE_IN_FRAMEWORK_HEADER = YES;
				CLANG_WARN_RANGE_LOOP_ANALYSIS = YES;
				CLANG_WARN_STRICT_PROTOTYPES = YES;
				CLANG_WARN_SUSPICIOUS_MOVE = YES;
				CLANG_WARN_UNGUARDED_AVAILABILITY = YES_AGGRESSIVE;
				CLANG_WARN_UNREACHABLE_CODE = YES;
				CLANG_WARN__DUPLICATE_METHOD_MATCH = YES;
				COPY_PHASE_STRIP = NO;
				DEBUG_INFORMATION_FORMAT = "dwarf-with-dsym";
				ENABLE_NS_ASSERTIONS = NO;
				ENABLE_STRICT_OBJC_MSGSEND = YES;
				GCC_C_LANGUAGE_STANDARD = gnu11;
				GCC_NO_COMMON_BLOCKS = YES;
				GCC_WARN_64_TO_32_BIT_CONVERSION = YES;
				GCC_WARN_ABOUT_RETURN_TYPE = YES_ERROR;
				GCC_WARN_UNDECLARED_SELECTOR = YES;
				GCC_WARN_UNINITIALIZED_AUTOS = YES_AGGRESSIVE;
				GCC_WARN_UNUSED_FUNCTION = YES;
				GCC_WARN_UNUSED_VARIABLE = YES;
				IPHONEOS_DEPLOYMENT_TARGET = 14.4;
				MTL_ENABLE_DEBUG_INFO = NO;
				MTL_FAST_MATH = YES;
				SDKROOT = iphoneos;
				SWIFT_COMPILATION_MODE = wholemodule;
				SWIFT_OPTIMIZATION_LEVEL = "-O";
				VALIDATE_PRODUCT = YES;
			};
			name = Release;
		};
		C5067D5625C7CB3100606ACE /* Debug */ = {
			isa = XCBuildConfiguration;
			buildSettings = {
				ASSETCATALOG_COMPILER_APPICON_NAME = AppIcon;
				ASSETCATALOG_COMPILER_GLOBAL_ACCENT_COLOR_NAME = AccentColor;
				CODE_SIGN_STYLE = Automatic;
				DEVELOPMENT_TEAM = XV272CGUK8;
				INFOPLIST_FILE = TodoList/Info.plist;
				LD_RUNPATH_SEARCH_PATHS = (
					"$(inherited)",
					"@executable_path/Frameworks",
				);
				PRODUCT_BUNDLE_IDENTIFIER = com.enterprise.TodoList;
				PRODUCT_NAME = "$(TARGET_NAME)";
				SWIFT_VERSION = 5.0;
				TARGETED_DEVICE_FAMILY = "1,2";
			};
			name = Debug;
		};
		C5067D5725C7CB3100606ACE /* Release */ = {
			isa = XCBuildConfiguration;
			buildSettings = {
				ASSETCATALOG_COMPILER_APPICON_NAME = AppIcon;
				ASSETCATALOG_COMPILER_GLOBAL_ACCENT_COLOR_NAME = AccentColor;
				CODE_SIGN_STYLE = Automatic;
				DEVELOPMENT_TEAM = XV272CGUK8;
				INFOPLIST_FILE = TodoList/Info.plist;
				LD_RUNPATH_SEARCH_PATHS = (
					"$(inherited)",
					"@executable_path/Frameworks",
				);
				PRODUCT_BUNDLE_IDENTIFIER = com.enterprise.TodoList;
				PRODUCT_NAME = "$(TARGET_NAME)";
				SWIFT_VERSION = 5.0;
				TARGETED_DEVICE_FAMILY = "1,2";
			};
			name = Release;
		};
		C5067D5925C7CB3100606ACE /* Debug */ = {
			isa = XCBuildConfiguration;
			buildSettings = {
				ALWAYS_EMBED_SWIFT_STANDARD_LIBRARIES = YES;
				BUNDLE_LOADER = "$(TEST_HOST)";
				CODE_SIGN_STYLE = Automatic;
				DEVELOPMENT_TEAM = XV272CGUK8;
				INFOPLIST_FILE = TodoListTests/Info.plist;
				IPHONEOS_DEPLOYMENT_TARGET = 14.4;
				LD_RUNPATH_SEARCH_PATHS = (
					"$(inherited)",
					"@executable_path/Frameworks",
					"@loader_path/Frameworks",
				);
				PRODUCT_BUNDLE_IDENTIFIER = com.enterprise.TodoListTests;
				PRODUCT_NAME = "$(TARGET_NAME)";
				SWIFT_VERSION = 5.0;
				TARGETED_DEVICE_FAMILY = "1,2";
				TEST_HOST = "$(BUILT_PRODUCTS_DIR)/TodoList.app/TodoList";
			};
			name = Debug;
		};
		C5067D5A25C7CB3100606ACE /* Release */ = {
			isa = XCBuildConfiguration;
			buildSettings = {
				ALWAYS_EMBED_SWIFT_STANDARD_LIBRARIES = YES;
				BUNDLE_LOADER = "$(TEST_HOST)";
				CODE_SIGN_STYLE = Automatic;
				DEVELOPMENT_TEAM = XV272CGUK8;
				INFOPLIST_FILE = TodoListTests/Info.plist;
				IPHONEOS_DEPLOYMENT_TARGET = 14.4;
				LD_RUNPATH_SEARCH_PATHS = (
					"$(inherited)",
					"@executable_path/Frameworks",
					"@loader_path/Frameworks",
				);
				PRODUCT_BUNDLE_IDENTIFIER = com.enterprise.TodoListTests;
				PRODUCT_NAME = "$(TARGET_NAME)";
				SWIFT_VERSION = 5.0;
				TARGETED_DEVICE_FAMILY = "1,2";
				TEST_HOST = "$(BUILT_PRODUCTS_DIR)/TodoList.app/TodoList";
			};
			name = Release;
		};
		C5067D5C25C7CB3100606ACE /* Debug */ = {
			isa = XCBuildConfiguration;
			buildSettings = {
				ALWAYS_EMBED_SWIFT_STANDARD_LIBRARIES = YES;
				CODE_SIGN_STYLE = Automatic;
				DEVELOPMENT_TEAM = XV272CGUK8;
				INFOPLIST_FILE = TodoListUITests/Info.plist;
				LD_RUNPATH_SEARCH_PATHS = (
					"$(inherited)",
					"@executable_path/Frameworks",
					"@loader_path/Frameworks",
				);
				PRODUCT_BUNDLE_IDENTIFIER = com.enterprise.TodoListUITests;
				PRODUCT_NAME = "$(TARGET_NAME)";
				SWIFT_VERSION = 5.0;
				TARGETED_DEVICE_FAMILY = "1,2";
				TEST_TARGET_NAME = TodoList;
			};
			name = Debug;
		};
		C5067D5D25C7CB3100606ACE /* Release */ = {
			isa = XCBuildConfiguration;
			buildSettings = {
				ALWAYS_EMBED_SWIFT_STANDARD_LIBRARIES = YES;
				CODE_SIGN_STYLE = Automatic;
				DEVELOPMENT_TEAM = XV272CGUK8;
				INFOPLIST_FILE = TodoListUITests/Info.plist;
				LD_RUNPATH_SEARCH_PATHS = (
					"$(inherited)",
					"@executable_path/Frameworks",
					"@loader_path/Frameworks",
				);
				PRODUCT_BUNDLE_IDENTIFIER = com.enterprise.TodoListUITests;
				PRODUCT_NAME = "$(TARGET_NAME)";
				SWIFT_VERSION = 5.0;
				TARGETED_DEVICE_FAMILY = "1,2";
				TEST_TARGET_NAME = TodoList;
			};
			name = Release;
		};
/* End XCBuildConfiguration section */

/* Begin XCConfigurationList section */
		C5067D2625C7CB2E00606ACE /* Build configuration list for PBXProject "TodoList" */ = {
			isa = XCConfigurationList;
			buildConfigurations = (
				C5067D5325C7CB3100606ACE /* Debug */,
				C5067D5425C7CB3100606ACE /* Release */,
			);
			defaultConfigurationIsVisible = 0;
			defaultConfigurationName = Release;
		};
		C5067D5525C7CB3100606ACE /* Build configuration list for PBXNativeTarget "TodoList" */ = {
			isa = XCConfigurationList;
			buildConfigurations = (
				C5067D5625C7CB3100606ACE /* Debug */,
				C5067D5725C7CB3100606ACE /* Release */,
			);
			defaultConfigurationIsVisible = 0;
			defaultConfigurationName = Release;
		};
		C5067D5825C7CB3100606ACE /* Build configuration list for PBXNativeTarget "TodoListTests" */ = {
			isa = XCConfigurationList;
			buildConfigurations = (
				C5067D5925C7CB3100606ACE /* Debug */,
				C5067D5A25C7CB3100606ACE /* Release */,
			);
			defaultConfigurationIsVisible = 0;
			defaultConfigurationName = Release;
		};
		C5067D5B25C7CB3100606ACE /* Build configuration list for PBXNativeTarget "TodoListUITests" */ = {
			isa = XCConfigurationList;
			buildConfigurations = (
				C5067D5C25C7CB3100606ACE /* Debug */,
				C5067D5D25C7CB3100606ACE /* Release */,
			);
			defaultConfigurationIsVisible = 0;
			defaultConfigurationName = Release;
		};
/* End XCConfigurationList section */

/* Begin XCVersionGroup section */
		C5067D7525CBCC5D00606ACE /* DatModel.xcdatamodeld */ = {
			isa = XCVersionGroup;
			children = (
				C5067D7625CBCC5D00606ACE /* DatModel.xcdatamodel */,
			);
			currentVersion = C5067D7625CBCC5D00606ACE /* DatModel.xcdatamodel */;
			path = DatModel.xcdatamodeld;
			sourceTree = "<group>";
			versionGroupType = wrapper.xcdatamodel;
		};
/* End XCVersionGroup section */
	};
	rootObject = C5067D2325C7CB2E00606ACE /* Project object */;
}
